{
  "version": 4,
  "terraform_version": "0.14.3",
  "serial": 36,
  "lineage": "32361346-2841-d67d-5d77-ef33e8ae47d3",
  "outputs": {
    "arole_id": {
      "value": "431346549818",
      "type": "string"
    },
    "test": {
      "value": "431346549818",
      "type": "string"
    }
  },
  "resources": [
    {
      "mode": "data",
      "type": "aws_caller_identity",
      "name": "current",
      "provider": "provider[\"registry.terraform.io/hashicorp/aws\"]",
      "instances": [
        {
          "schema_version": 0,
          "attributes": {
            "account_id": "431346549818",
            "arn": "arn:aws:iam::431346549818:user/terraform-user",
            "id": "431346549818",
            "user_id": "AIDAWI3SCAQ5MZLQ26ZPF"
          },
          "sensitive_attributes": []
        }
      ]
    },
    {
      "mode": "data",
      "type": "aws_canonical_user_id",
      "name": "current_user",
      "provider": "provider[\"registry.terraform.io/hashicorp/aws\"]",
      "instances": [
        {
          "schema_version": 0,
          "attributes": {
            "display_name": "sreenitha8",
            "id": "088410ea1154f77dd5bb67ad2104f116c243a38db4d9df1ef1fecd4efa22b6d2"
          },
          "sensitive_attributes": []
        }
      ]
    },
    {
      "mode": "managed",
      "type": "aws_iam_policy",
      "name": "s3_list_all",
      "provider": "provider[\"registry.terraform.io/hashicorp/aws\"]",
      "instances": [
        {
          "schema_version": 0,
          "attributes": {
            "arn": "arn:aws:iam::431346549818:policy/s3_list_all",
            "description": "allows listing all s3 buckets",
            "id": "arn:aws:iam::431346549818:policy/s3_list_all",
            "name": "s3_list_all",
            "name_prefix": null,
            "path": "/",
            "policy": "{\n    \"Version\": \"2012-10-17\",\n    \"Statement\": [\n        {\n            \"Effect\": \"Allow\",\n            \"Action\": \"s3:ListAllMyBuckets\",\n            \"Resource\": \"*\"\n        }\n    ]\n}"
          },
          "sensitive_attributes": [],
          "private": "bnVsbA=="
        }
      ]
    },
    {
      "mode": "managed",
      "type": "aws_iam_policy_attachment",
      "name": "s3_list_all_policicy",
      "provider": "provider[\"registry.terraform.io/hashicorp/aws\"]",
      "instances": [
        {
          "schema_version": 0,
          "attributes": {
            "groups": null,
            "id": "list s3 buckets policy to role",
            "name": "list s3 buckets policy to role",
            "policy_arn": "arn:aws:iam::431346549818:policy/s3_list_all",
            "roles": [
              "s3-list-role"
            ],
            "users": null
          },
          "sensitive_attributes": [],
          "private": "bnVsbA==",
          "dependencies": [
            "aws_iam_policy.s3_list_all",
            "aws_iam_role.prod_list_s3",
            "data.aws_caller_identity.current"
          ]
        }
      ]
    },
    {
      "mode": "managed",
      "type": "aws_iam_role",
      "name": "prod_list_s3",
      "provider": "provider[\"registry.terraform.io/hashicorp/aws\"]",
      "instances": [
        {
          "schema_version": 0,
          "attributes": {
            "arn": "arn:aws:iam::431346549818:role/s3-list-role",
            "assume_role_policy": "{\"Version\":\"2012-10-17\",\"Statement\":[{\"Effect\":\"Allow\",\"Principal\":{\"AWS\":\"arn:aws:iam::431346549818:root\"},\"Action\":\"sts:AssumeRole\"}]}",
            "create_date": "2021-01-17T11:15:21Z",
            "description": "",
            "force_detach_policies": false,
            "id": "s3-list-role",
            "max_session_duration": 3600,
            "name": "s3-list-role",
            "name_prefix": null,
            "path": "/",
            "permissions_boundary": null,
            "tags": null,
            "unique_id": "AROAWI3SCAQ5IYPF5EUL7"
          },
          "sensitive_attributes": [],
          "private": "bnVsbA==",
          "dependencies": [
            "data.aws_caller_identity.current"
          ]
        }
      ]
    },
    {
      "mode": "managed",
      "type": "aws_iam_user",
      "name": "assume-user",
      "provider": "provider[\"registry.terraform.io/hashicorp/aws\"].a-role",
      "instances": [
        {
          "schema_version": 0,
          "attributes": {
            "arn": "arn:aws:iam::431346549818:user/system/user1",
            "force_destroy": false,
            "id": "user1",
            "name": "user1",
            "path": "/system/",
            "permissions_boundary": null,
            "tags": null,
            "unique_id": "AIDAWI3SCAQ5MJOUBLU22"
          },
          "sensitive_attributes": [],
          "private": "bnVsbA=="
        }
      ]
    },
    {
      "mode": "managed",
      "type": "aws_iam_user_policy",
      "name": "lb_ro",
      "provider": "provider[\"registry.terraform.io/hashicorp/aws\"]",
      "instances": [
        {
          "schema_version": 0,
          "attributes": {
            "id": "user1:test",
            "name": "test",
            "name_prefix": null,
            "policy": "{\n  \"Version\": \"2012-10-17\",\n  \"Statement\": [\n    {\n      \"Action\":\"sts:AssumeRole\",\n      \"Effect\": \"Allow\",\n      \"Resource\": \"arn:aws:iam::431346549818:role/a-role\"\n    }\n  ]\n}\n",
            "user": "user1"
          },
          "sensitive_attributes": [],
          "private": "bnVsbA==",
          "dependencies": [
            "aws_iam_user.assume-user"
          ]
        }
      ]
    }
  ]
}
